{
  "name": "demo-emgraph",
  "version": "1.0.0",
  "lockfileVersion": 1,
  "requires": true,
  "dependencies": {
    "cytoscape-context-menus": {
      "version": "4.1.0",
      "resolved": "https://registry.npmjs.org/cytoscape-context-menus/-/cytoscape-context-menus-4.1.0.tgz",
      "integrity": "sha512-qbrdRfz8JQuZBZamhzmExPpJvUNR4VA3rcN4qChu4eVplWYU4n8N98A0ksrr2kfmUvCAL529N04KzwZd8xra7w=="
    }
  }
}
